{
  "nodes": {
    "home-manager": {
      "inputs": {
        "nixpkgs": [
          "nixpkgs"
        ]
      },
      "locked": {
        "lastModified": 1704498488,
        "narHash": "sha256-yINKdShHrtjdiJhov+q0s3Y3B830ujRoSbHduUNyKag=",
        "owner": "nix-community",
        "repo": "home-manager",
        "rev": "51e44a13acea71b36245e8bd8c7db53e0a3e61ee",
        "type": "github"
      },
      "original": {
        "owner": "nix-community",
        "repo": "home-manager",
        "type": "github"
      }
    },
    "nixos-hardware": {
      "locked": {
        "lastModified": 1704458188,
        "narHash": "sha256-f6BYEuIqnbrs6J/9m1/1VdkJ6d63hO9kUC09kTPuOqE=",
        "owner": "NixOS",
        "repo": "nixos-hardware",
        "rev": "172385318068519900a7d71c1024242fa6af75f0",
        "type": "github"
      },
      "original": {
        "owner": "NixOS",
        "ref": "master",
        "repo": "nixos-hardware",
        "type": "github"
      }
    },
    "nixpkgs": {
      "locked": {
        "lastModified": 1704194953,
        "narHash": "sha256-RtDKd8Mynhe5CFnVT8s0/0yqtWFMM9LmCzXv/YKxnq4=",
        "owner": "nixos",
        "repo": "nixpkgs",
        "rev": "bd645e8668ec6612439a9ee7e71f7eac4099d4f6",
        "type": "github"
      },
      "original": {
        "owner": "nixos",
        "ref": "nixos-unstable",
        "repo": "nixpkgs",
        "type": "github"
      }
    },
    "nixpkgs-stable": {
      "locked": {
        "lastModified": 1704295289,
        "narHash": "sha256-9WZDRfpMqCYL6g/HNWVvXF0hxdaAgwgIGeLYiOhmes8=",
        "owner": "NixOS",
        "repo": "nixpkgs",
        "rev": "b0b2c5445c64191fd8d0b31f2b1a34e45a64547d",
        "type": "github"
      },
      "original": {
        "id": "nixpkgs",
        "ref": "nixos-23.11",
        "type": "indirect"
      }
    },
    "nixpkgs-stable_2": {
      "locked": {
        "lastModified": 1703950681,
        "narHash": "sha256-veU5bE4eLOmi7aOzhE7LfZXcSOONRMay0BKv01WHojo=",
        "owner": "NixOS",
        "repo": "nixpkgs",
        "rev": "0aad9113182747452dbfc68b93c86e168811fa6c",
        "type": "github"
      },
      "original": {
        "owner": "NixOS",
        "ref": "release-23.05",
        "repo": "nixpkgs",
        "type": "github"
      }
    },
    "root": {
      "inputs": {
        "home-manager": "home-manager",
        "nixos-hardware": "nixos-hardware",
        "nixpkgs": "nixpkgs",
        "nixpkgs-stable": "nixpkgs-stable",
        "sops-nix": "sops-nix"
      }
    },
    "sops-nix": {
      "inputs": {
        "nixpkgs": [
          "nixpkgs"
        ],
        "nixpkgs-stable": "nixpkgs-stable_2"
      },
      "locked": {
        "lastModified": 1703991717,
        "narHash": "sha256-XfBg2dmDJXPQEB8EdNBnzybvnhswaiAkUeeDj7fa/hQ=",
        "owner": "mic92",
        "repo": "sops-nix",
        "rev": "cfdbaf68d00bc2f9e071f17ae77be4b27ff72fa6",
        "type": "github"
      },
      "original": {
        "owner": "mic92",
        "repo": "sops-nix",
        "type": "github"
      }
    }
  },
  "root": "root",
  "version": 7
}
